
Microsoft Visual Studio Solution File, Format Version 12.00
# Visual Studio Version 17
VisualStudioVersion = 17.6.33815.320
MinimumVisualStudioVersion = 10.0.40219.1
Project("{FAE04EC0-301F-11D3-BF4B-00C04F79EFBC}") = "Color Fun Definitive Edition", "Color Fun Definitive Edition\Color Fun Definitive Edition.csproj", "{F3F2BFF8-D228-4974-B1C9-530F009F3834}"
EndProject
Global
	GlobalSection(SolutionConfigurationPlatforms) = preSolution
		Debug|Any CPU = Debug|Any CPU
		Release|Any CPU = Release|Any CPU
	EndGlobalSection
	GlobalSection(ProjectConfigurationPlatforms) = postSolution
		{F3F2BFF8-D228-4974-B1C9-530F009F3834}.Debug|Any CPU.ActiveCfg = Debug|Any CPU
		{F3F2BFF8-D228-4974-B1C9-530F009F3834}.Debug|Any CPU.Build.0 = Debug|Any CPU
		{F3F2BFF8-D228-4974-B1C9-530F009F3834}.Release|Any CPU.ActiveCfg = Release|Any CPU
		{F3F2BFF8-D228-4974-B1C9-530F009F3834}.Release|Any CPU.Build.0 = Release|Any CPU
	EndGlobalSection
	GlobalSection(SolutionProperties) = preSolution
		HideSolutionNode = FALSE
	EndGlobalSection
	GlobalSection(ExtensibilityGlobals) = postSolution
		SolutionGuid = {C2A069D6-8EB3-49F6-9F98-E478A69996FE}
	EndGlobalSection
EndGlobal
